
Microsoft Visual Studio Solution File, Format Version 12.00
# Visual Studio Express 2012 for Web
Project("{FAE04EC0-301F-11D3-BF4B-00C04F79EFBC}") = "Project30", "Project30\Project30.csproj", "{730426C7-58E4-4C53-8B2A-F05361E17CF4}"
EndProject
Global
	GlobalSection(SolutionConfigurationPlatforms) = preSolution
		Debug|Any CPU = Debug|Any CPU
		Release|Any CPU = Release|Any CPU
	EndGlobalSection
	GlobalSection(ProjectConfigurationPlatforms) = postSolution
		{730426C7-58E4-4C53-8B2A-F05361E17CF4}.Debug|Any CPU.ActiveCfg = Debug|Any CPU
		{730426C7-58E4-4C53-8B2A-F05361E17CF4}.Debug|Any CPU.Build.0 = Debug|Any CPU
		{730426C7-58E4-4C53-8B2A-F05361E17CF4}.Release|Any CPU.ActiveCfg = Release|Any CPU
		{730426C7-58E4-4C53-8B2A-F05361E17CF4}.Release|Any CPU.Build.0 = Release|Any CPU
	EndGlobalSection
	GlobalSection(SolutionProperties) = preSolution
		HideSolutionNode = FALSE
	EndGlobalSection
EndGlobal
